// !$*UTF8*$!
{
	archiveVersion = 1;
	classes = {
	};
	objectVersion = 56;
	objects = {

/* Begin PBXBuildFile section */
		FE04BC192908382800B5CE5B /* NFS_by_JLTV.ttf in Resources */ = {isa = PBXBuildFile; fileRef = FE04BC182908381F00B5CE5B /* NFS_by_JLTV.ttf */; };
		FE27913529017A7B00C8BE5C /* ShadowView.swift in Sources */ = {isa = PBXBuildFile; fileRef = FE27913429017A7B00C8BE5C /* ShadowView.swift */; };
		FE2D9E35292FBA5200455818 /* SettingsViewController + MailCompose.swift in Sources */ = {isa = PBXBuildFile; fileRef = FE2D9E34292FBA5200455818 /* SettingsViewController + MailCompose.swift */; };
		FE2DA65D290EE7350076744B /* MakeScore.swift in Sources */ = {isa = PBXBuildFile; fileRef = FE2DA65C290EE7350076744B /* MakeScore.swift */; };
		FE3B918328E84F9C0089DB36 /* AppDelegate.swift in Sources */ = {isa = PBXBuildFile; fileRef = FE3B918228E84F9C0089DB36 /* AppDelegate.swift */; };
		FE3B918528E84F9C0089DB36 /* SceneDelegate.swift in Sources */ = {isa = PBXBuildFile; fileRef = FE3B918428E84F9C0089DB36 /* SceneDelegate.swift */; };
		FE3B918728E84F9C0089DB36 /* MenuViewController.swift in Sources */ = {isa = PBXBuildFile; fileRef = FE3B918628E84F9C0089DB36 /* MenuViewController.swift */; };
		FE3B918A28E84F9C0089DB36 /* Main.storyboard in Resources */ = {isa = PBXBuildFile; fileRef = FE3B918828E84F9C0089DB36 /* Main.storyboard */; };
		FE3B918C28E84F9D0089DB36 /* Assets.xcassets in Resources */ = {isa = PBXBuildFile; fileRef = FE3B918B28E84F9D0089DB36 /* Assets.xcassets */; };
		FE3B918F28E84F9D0089DB36 /* LaunchScreen.storyboard in Resources */ = {isa = PBXBuildFile; fileRef = FE3B918D28E84F9D0089DB36 /* LaunchScreen.storyboard */; };
		FE4AC7FD290A8B7E00774FF1 /* UIViewController + Alert.swift in Sources */ = {isa = PBXBuildFile; fileRef = FE4AC7FC290A8B7E00774FF1 /* UIViewController + Alert.swift */; };
		FE835E5029166C7500508B3B /* Storage.swift in Sources */ = {isa = PBXBuildFile; fileRef = FE835E4F29166C7500508B3B /* Storage.swift */; };
		FE861CD82929675300EDB348 /* SettingsViewController.swift in Sources */ = {isa = PBXBuildFile; fileRef = FE861CD72929675300EDB348 /* SettingsViewController.swift */; };
		FEA58B9A2923DF7B000C37CD /* ScoreModel.swift in Sources */ = {isa = PBXBuildFile; fileRef = FEA58B992923DF7B000C37CD /* ScoreModel.swift */; };
		FEA61E4C294A678300D3AB7E /* Bicep - Glue.mp3 in Resources */ = {isa = PBXBuildFile; fileRef = FEA61E4B294A678300D3AB7E /* Bicep - Glue.mp3 */; };
		FEADEDF3290595C400DD8C7B /* CircularStd-Black.ttf in Resources */ = {isa = PBXBuildFile; fileRef = FEADEDEC290595A100DD8C7B /* CircularStd-Black.ttf */; };
		FEADEDF4290595C700DD8C7B /* CircularStd-BlackItalic.ttf in Resources */ = {isa = PBXBuildFile; fileRef = FEADEDEA290595A000DD8C7B /* CircularStd-BlackItalic.ttf */; };
		FEADEDF5290595CA00DD8C7B /* CircularStd-Bold.ttf in Resources */ = {isa = PBXBuildFile; fileRef = FEADEDF1290595A100DD8C7B /* CircularStd-Bold.ttf */; };
		FEADEDF6290595CD00DD8C7B /* CircularStd-BoldItalic.ttf in Resources */ = {isa = PBXBuildFile; fileRef = FEADEDED290595A100DD8C7B /* CircularStd-BoldItalic.ttf */; };
		FEADEDF7290595D100DD8C7B /* CircularStd-Book.ttf in Resources */ = {isa = PBXBuildFile; fileRef = FEADEDF0290595A100DD8C7B /* CircularStd-Book.ttf */; };
		FEADEDF8290595D400DD8C7B /* CircularStd-BookItalic.ttf in Resources */ = {isa = PBXBuildFile; fileRef = FEADEDEE290595A100DD8C7B /* CircularStd-BookItalic.ttf */; };
		FEADEDF9290595D800DD8C7B /* CircularStd-Medium.ttf in Resources */ = {isa = PBXBuildFile; fileRef = FEADEDEB290595A100DD8C7B /* CircularStd-Medium.ttf */; };
		FEADEDFA290595DB00DD8C7B /* CircularStd-MediumItalic.ttf in Resources */ = {isa = PBXBuildFile; fileRef = FEADEDEF290595A100DD8C7B /* CircularStd-MediumItalic.ttf */; };
		FEB997DE28E864BB00ED41ED /* GameViewController.swift in Sources */ = {isa = PBXBuildFile; fileRef = FEB997DD28E864BB00ED41ED /* GameViewController.swift */; };
		FEB997E028E9BC0600ED41ED /* Location.swift in Sources */ = {isa = PBXBuildFile; fileRef = FEB997DF28E9BC0600ED41ED /* Location.swift */; };
		FEBC4A39292ABAC4003694A8 /* ScoreTableViewController.swift in Sources */ = {isa = PBXBuildFile; fileRef = FEBC4A37292ABAC4003694A8 /* ScoreTableViewController.swift */; };
		FEBC4A3C292ABFCD003694A8 /* ScoreTableViewController + TableView.swift in Sources */ = {isa = PBXBuildFile; fileRef = FEBC4A3B292ABFCD003694A8 /* ScoreTableViewController + TableView.swift */; };
		FEBC4A3F292AC01E003694A8 /* ScoreCell.swift in Sources */ = {isa = PBXBuildFile; fileRef = FEBC4A3D292AC01E003694A8 /* ScoreCell.swift */; };
		FEBC4A40292AC01E003694A8 /* ScoreCell.xib in Resources */ = {isa = PBXBuildFile; fileRef = FEBC4A3E292AC01E003694A8 /* ScoreCell.xib */; };
		FEF4446529015E1D007789E4 /* CustomClasses.swift in Sources */ = {isa = PBXBuildFile; fileRef = FEF4446429015E1D007789E4 /* CustomClasses.swift */; };
		FEF4446729017113007789E4 /* BlurView.swift in Sources */ = {isa = PBXBuildFile; fileRef = FEF4446629017113007789E4 /* BlurView.swift */; };
/* End PBXBuildFile section */

/* Begin PBXFileReference section */
		FE04BC182908381F00B5CE5B /* NFS_by_JLTV.ttf */ = {isa = PBXFileReference; lastKnownFileType = file; path = NFS_by_JLTV.ttf; sourceTree = "<group>"; };
		FE27913429017A7B00C8BE5C /* ShadowView.swift */ = {isa = PBXFileReference; lastKnownFileType = sourcecode.swift; path = ShadowView.swift; sourceTree = "<group>"; };
		FE2D9E34292FBA5200455818 /* SettingsViewController + MailCompose.swift */ = {isa = PBXFileReference; lastKnownFileType = sourcecode.swift; path = "SettingsViewController + MailCompose.swift"; sourceTree = "<group>"; };
		FE2DA65C290EE7350076744B /* MakeScore.swift */ = {isa = PBXFileReference; lastKnownFileType = sourcecode.swift; path = MakeScore.swift; sourceTree = "<group>"; };
		FE3B917F28E84F9C0089DB36 /* NFSMostWanted.app */ = {isa = PBXFileReference; explicitFileType = wrapper.application; includeInIndex = 0; path = NFSMostWanted.app; sourceTree = BUILT_PRODUCTS_DIR; };
		FE3B918228E84F9C0089DB36 /* AppDelegate.swift */ = {isa = PBXFileReference; lastKnownFileType = sourcecode.swift; path = AppDelegate.swift; sourceTree = "<group>"; };
		FE3B918428E84F9C0089DB36 /* SceneDelegate.swift */ = {isa = PBXFileReference; lastKnownFileType = sourcecode.swift; path = SceneDelegate.swift; sourceTree = "<group>"; };
		FE3B918628E84F9C0089DB36 /* MenuViewController.swift */ = {isa = PBXFileReference; lastKnownFileType = sourcecode.swift; path = MenuViewController.swift; sourceTree = "<group>"; };
		FE3B918928E84F9C0089DB36 /* Base */ = {isa = PBXFileReference; lastKnownFileType = file.storyboard; name = Base; path = Base.lproj/Main.storyboard; sourceTree = "<group>"; };
		FE3B918B28E84F9D0089DB36 /* Assets.xcassets */ = {isa = PBXFileReference; lastKnownFileType = folder.assetcatalog; path = Assets.xcassets; sourceTree = "<group>"; };
		FE3B918E28E84F9D0089DB36 /* Base */ = {isa = PBXFileReference; lastKnownFileType = file.storyboard; name = Base; path = Base.lproj/LaunchScreen.storyboard; sourceTree = "<group>"; };
		FE3B919028E84F9D0089DB36 /* Info.plist */ = {isa = PBXFileReference; lastKnownFileType = text.plist.xml; path = Info.plist; sourceTree = "<group>"; };
		FE4AC7FC290A8B7E00774FF1 /* UIViewController + Alert.swift */ = {isa = PBXFileReference; lastKnownFileType = sourcecode.swift; path = "UIViewController + Alert.swift"; sourceTree = "<group>"; };
		FE835E4F29166C7500508B3B /* Storage.swift */ = {isa = PBXFileReference; lastKnownFileType = sourcecode.swift; path = Storage.swift; sourceTree = "<group>"; };
		FE861CD72929675300EDB348 /* SettingsViewController.swift */ = {isa = PBXFileReference; lastKnownFileType = sourcecode.swift; path = SettingsViewController.swift; sourceTree = "<group>"; };
		FEA58B992923DF7B000C37CD /* ScoreModel.swift */ = {isa = PBXFileReference; lastKnownFileType = sourcecode.swift; path = ScoreModel.swift; sourceTree = "<group>"; };
		FEA61E4B294A678300D3AB7E /* Bicep - Glue.mp3 */ = {isa = PBXFileReference; lastKnownFileType = audio.mp3; path = "Bicep - Glue.mp3"; sourceTree = "<group>"; };
		FEADEDEA290595A000DD8C7B /* CircularStd-BlackItalic.ttf */ = {isa = PBXFileReference; lastKnownFileType = file; path = "CircularStd-BlackItalic.ttf"; sourceTree = "<group>"; };
		FEADEDEB290595A100DD8C7B /* CircularStd-Medium.ttf */ = {isa = PBXFileReference; lastKnownFileType = file; path = "CircularStd-Medium.ttf"; sourceTree = "<group>"; };
		FEADEDEC290595A100DD8C7B /* CircularStd-Black.ttf */ = {isa = PBXFileReference; lastKnownFileType = file; path = "CircularStd-Black.ttf"; sourceTree = "<group>"; };
		FEADEDED290595A100DD8C7B /* CircularStd-BoldItalic.ttf */ = {isa = PBXFileReference; lastKnownFileType = file; path = "CircularStd-BoldItalic.ttf"; sourceTree = "<group>"; };
		FEADEDEE290595A100DD8C7B /* CircularStd-BookItalic.ttf */ = {isa = PBXFileReference; lastKnownFileType = file; path = "CircularStd-BookItalic.ttf"; sourceTree = "<group>"; };
		FEADEDEF290595A100DD8C7B /* CircularStd-MediumItalic.ttf */ = {isa = PBXFileReference; lastKnownFileType = file; path = "CircularStd-MediumItalic.ttf"; sourceTree = "<group>"; };
		FEADEDF0290595A100DD8C7B /* CircularStd-Book.ttf */ = {isa = PBXFileReference; lastKnownFileType = file; path = "CircularStd-Book.ttf"; sourceTree = "<group>"; };
		FEADEDF1290595A100DD8C7B /* CircularStd-Bold.ttf */ = {isa = PBXFileReference; lastKnownFileType = file; path = "CircularStd-Bold.ttf"; sourceTree = "<group>"; };
		FEB997DD28E864BB00ED41ED /* GameViewController.swift */ = {isa = PBXFileReference; lastKnownFileType = sourcecode.swift; path = GameViewController.swift; sourceTree = "<group>"; };
		FEB997DF28E9BC0600ED41ED /* Location.swift */ = {isa = PBXFileReference; lastKnownFileType = sourcecode.swift; path = Location.swift; sourceTree = "<group>"; };
		FEBC4A37292ABAC4003694A8 /* ScoreTableViewController.swift */ = {isa = PBXFileReference; lastKnownFileType = sourcecode.swift; path = ScoreTableViewController.swift; sourceTree = "<group>"; };
		FEBC4A3B292ABFCD003694A8 /* ScoreTableViewController + TableView.swift */ = {isa = PBXFileReference; lastKnownFileType = sourcecode.swift; path = "ScoreTableViewController + TableView.swift"; sourceTree = "<group>"; };
		FEBC4A3D292AC01E003694A8 /* ScoreCell.swift */ = {isa = PBXFileReference; lastKnownFileType = sourcecode.swift; path = ScoreCell.swift; sourceTree = "<group>"; };
		FEBC4A3E292AC01E003694A8 /* ScoreCell.xib */ = {isa = PBXFileReference; lastKnownFileType = file.xib; path = ScoreCell.xib; sourceTree = "<group>"; };
		FEF4446429015E1D007789E4 /* CustomClasses.swift */ = {isa = PBXFileReference; lastKnownFileType = sourcecode.swift; path = CustomClasses.swift; sourceTree = "<group>"; };
		FEF4446629017113007789E4 /* BlurView.swift */ = {isa = PBXFileReference; lastKnownFileType = sourcecode.swift; path = BlurView.swift; sourceTree = "<group>"; };
/* End PBXFileReference section */

/* Begin PBXFrameworksBuildPhase section */
		FE3B917C28E84F9C0089DB36 /* Frameworks */ = {
			isa = PBXFrameworksBuildPhase;
			buildActionMask = 2147483647;
			files = (
			);
			runOnlyForDeploymentPostprocessing = 0;
		};
/* End PBXFrameworksBuildPhase section */

/* Begin PBXGroup section */
		FE04BC1A2908383300B5CE5B /* Circular */ = {
			isa = PBXGroup;
			children = (
				FEADEDEC290595A100DD8C7B /* CircularStd-Black.ttf */,
				FEADEDEA290595A000DD8C7B /* CircularStd-BlackItalic.ttf */,
				FEADEDF1290595A100DD8C7B /* CircularStd-Bold.ttf */,
				FEADEDED290595A100DD8C7B /* CircularStd-BoldItalic.ttf */,
				FEADEDF0290595A100DD8C7B /* CircularStd-Book.ttf */,
				FEADEDEE290595A100DD8C7B /* CircularStd-BookItalic.ttf */,
				FEADEDEB290595A100DD8C7B /* CircularStd-Medium.ttf */,
				FEADEDEF290595A100DD8C7B /* CircularStd-MediumItalic.ttf */,
			);
			path = Circular;
			sourceTree = "<group>";
		};
		FE3B917628E84F9C0089DB36 = {
			isa = PBXGroup;
			children = (
				FE3B918128E84F9C0089DB36 /* myGame */,
				FE3B918028E84F9C0089DB36 /* Products */,
			);
			sourceTree = "<group>";
		};
		FE3B918028E84F9C0089DB36 /* Products */ = {
			isa = PBXGroup;
			children = (
				FE3B917F28E84F9C0089DB36 /* NFSMostWanted.app */,
			);
			name = Products;
			sourceTree = "<group>";
		};
		FE3B918128E84F9C0089DB36 /* myGame */ = {
			isa = PBXGroup;
			children = (
				FEA58B962923DF26000C37CD /* Delegates */,
				FEADEDE62905954000DD8C7B /* ViewControllers */,
				FEADEDE72905956200DD8C7B /* CustomViews */,
				FEADEDE92905958300DD8C7B /* CustomClasses */,
				FEADEDE82905957A00DD8C7B /* Models */,
				FEA58B952923DF12000C37CD /* Storyboard */,
				FEADEDF2290595A800DD8C7B /* Fonts */,
				FEA61E4D294A678600D3AB7E /* Music */,
				FE3B918B28E84F9D0089DB36 /* Assets.xcassets */,
				FE3B919028E84F9D0089DB36 /* Info.plist */,
			);
			path = myGame;
			sourceTree = "<group>";
		};
		FEA58B952923DF12000C37CD /* Storyboard */ = {
			isa = PBXGroup;
			children = (
				FE3B918828E84F9C0089DB36 /* Main.storyboard */,
				FE3B918D28E84F9D0089DB36 /* LaunchScreen.storyboard */,
			);
			path = Storyboard;
			sourceTree = "<group>";
		};
		FEA58B962923DF26000C37CD /* Delegates */ = {
			isa = PBXGroup;
			children = (
				FE3B918228E84F9C0089DB36 /* AppDelegate.swift */,
				FE3B918428E84F9C0089DB36 /* SceneDelegate.swift */,
			);
			path = Delegates;
			sourceTree = "<group>";
		};
		FEA61E4D294A678600D3AB7E /* Music */ = {
			isa = PBXGroup;
			children = (
				FEA61E4B294A678300D3AB7E /* Bicep - Glue.mp3 */,
			);
			path = Music;
			sourceTree = "<group>";
		};
		FEADEDE62905954000DD8C7B /* ViewControllers */ = {
			isa = PBXGroup;
			children = (
				FE3B918628E84F9C0089DB36 /* MenuViewController.swift */,
				FEB997DD28E864BB00ED41ED /* GameViewController.swift */,
				FECC21742938B68400BCB5C3 /* Score */,
				FECC21752938B69B00BCB5C3 /* Settings */,
			);
			path = ViewControllers;
			sourceTree = "<group>";
		};
		FEADEDE72905956200DD8C7B /* CustomViews */ = {
			isa = PBXGroup;
			children = (
				FEF4446629017113007789E4 /* BlurView.swift */,
				FE27913429017A7B00C8BE5C /* ShadowView.swift */,
				FECC21762938B6A800BCB5C3 /* ScoreCell */,
			);
			path = CustomViews;
			sourceTree = "<group>";
		};
		FEADEDE82905957A00DD8C7B /* Models */ = {
			isa = PBXGroup;
			children = (
				FEB997DF28E9BC0600ED41ED /* Location.swift */,
				FE4AC7FC290A8B7E00774FF1 /* UIViewController + Alert.swift */,
				FE2DA65C290EE7350076744B /* MakeScore.swift */,
				FEA58B992923DF7B000C37CD /* ScoreModel.swift */,
			);
			path = Models;
			sourceTree = "<group>";
		};
		FEADEDE92905958300DD8C7B /* CustomClasses */ = {
			isa = PBXGroup;
			children = (
				FEF4446429015E1D007789E4 /* CustomClasses.swift */,
				FE835E4F29166C7500508B3B /* Storage.swift */,
			);
			path = CustomClasses;
			sourceTree = "<group>";
		};
		FEADEDF2290595A800DD8C7B /* Fonts */ = {
			isa = PBXGroup;
			children = (
				FE04BC182908381F00B5CE5B /* NFS_by_JLTV.ttf */,
				FE04BC1A2908383300B5CE5B /* Circular */,
			);
			path = Fonts;
			sourceTree = "<group>";
		};
		FECC21742938B68400BCB5C3 /* Score */ = {
			isa = PBXGroup;
			children = (
				FEBC4A37292ABAC4003694A8 /* ScoreTableViewController.swift */,
				FEBC4A3B292ABFCD003694A8 /* ScoreTableViewController + TableView.swift */,
			);
			path = Score;
			sourceTree = "<group>";
		};
		FECC21752938B69B00BCB5C3 /* Settings */ = {
			isa = PBXGroup;
			children = (
				FE861CD72929675300EDB348 /* SettingsViewController.swift */,
				FE2D9E34292FBA5200455818 /* SettingsViewController + MailCompose.swift */,
			);
			path = Settings;
			sourceTree = "<group>";
		};
		FECC21762938B6A800BCB5C3 /* ScoreCell */ = {
			isa = PBXGroup;
			children = (
				FEBC4A3D292AC01E003694A8 /* ScoreCell.swift */,
				FEBC4A3E292AC01E003694A8 /* ScoreCell.xib */,
			);
			path = ScoreCell;
			sourceTree = "<group>";
		};
/* End PBXGroup section */

/* Begin PBXNativeTarget section */
		FE3B917E28E84F9C0089DB36 /* myGame */ = {
			isa = PBXNativeTarget;
			buildConfigurationList = FE3B919328E84F9D0089DB36 /* Build configuration list for PBXNativeTarget "myGame" */;
			buildPhases = (
				FE3B917B28E84F9C0089DB36 /* Sources */,
				FE3B917C28E84F9C0089DB36 /* Frameworks */,
				FE3B917D28E84F9C0089DB36 /* Resources */,
			);
			buildRules = (
			);
			dependencies = (
			);
			name = myGame;
			productName = myGame;
			productReference = FE3B917F28E84F9C0089DB36 /* NFSMostWanted.app */;
			productType = "com.apple.product-type.application";
		};
/* End PBXNativeTarget section */

/* Begin PBXProject section */
		FE3B917728E84F9C0089DB36 /* Project object */ = {
			isa = PBXProject;
			attributes = {
				BuildIndependentTargetsInParallel = 1;
				LastSwiftUpdateCheck = 1400;
				LastUpgradeCheck = 1400;
				TargetAttributes = {
					FE3B917E28E84F9C0089DB36 = {
						CreatedOnToolsVersion = 14.0.1;
					};
				};
			};
			buildConfigurationList = FE3B917A28E84F9C0089DB36 /* Build configuration list for PBXProject "myGame" */;
			compatibilityVersion = "Xcode 14.0";
			developmentRegion = en;
			hasScannedForEncodings = 0;
			knownRegions = (
				en,
				Base,
			);
			mainGroup = FE3B917628E84F9C0089DB36;
			productRefGroup = FE3B918028E84F9C0089DB36 /* Products */;
			projectDirPath = "";
			projectRoot = "";
			targets = (
				FE3B917E28E84F9C0089DB36 /* myGame */,
			);
		};
/* End PBXProject section */

/* Begin PBXResourcesBuildPhase section */
		FE3B917D28E84F9C0089DB36 /* Resources */ = {
			isa = PBXResourcesBuildPhase;
			buildActionMask = 2147483647;
			files = (
				FEADEDF9290595D800DD8C7B /* CircularStd-Medium.ttf in Resources */,
				FEADEDF7290595D100DD8C7B /* CircularStd-Book.ttf in Resources */,
				FE3B918F28E84F9D0089DB36 /* LaunchScreen.storyboard in Resources */,
				FEADEDF6290595CD00DD8C7B /* CircularStd-BoldItalic.ttf in Resources */,
				FE3B918C28E84F9D0089DB36 /* Assets.xcassets in Resources */,
				FEADEDFA290595DB00DD8C7B /* CircularStd-MediumItalic.ttf in Resources */,
				FEADEDF5290595CA00DD8C7B /* CircularStd-Bold.ttf in Resources */,
				FEA61E4C294A678300D3AB7E /* Bicep - Glue.mp3 in Resources */,
				FE04BC192908382800B5CE5B /* NFS_by_JLTV.ttf in Resources */,
				FEADEDF8290595D400DD8C7B /* CircularStd-BookItalic.ttf in Resources */,
				FE3B918A28E84F9C0089DB36 /* Main.storyboard in Resources */,
				FEADEDF3290595C400DD8C7B /* CircularStd-Black.ttf in Resources */,
				FEADEDF4290595C700DD8C7B /* CircularStd-BlackItalic.ttf in Resources */,
				FEBC4A40292AC01E003694A8 /* ScoreCell.xib in Resources */,
			);
			runOnlyForDeploymentPostprocessing = 0;
		};
/* End PBXResourcesBuildPhase section */

/* Begin PBXSourcesBuildPhase section */
		FE3B917B28E84F9C0089DB36 /* Sources */ = {
			isa = PBXSourcesBuildPhase;
			buildActionMask = 2147483647;
			files = (
				FEB997DE28E864BB00ED41ED /* GameViewController.swift in Sources */,
				FE2DA65D290EE7350076744B /* MakeScore.swift in Sources */,
				FEF4446729017113007789E4 /* BlurView.swift in Sources */,
				FE3B918728E84F9C0089DB36 /* MenuViewController.swift in Sources */,
				FEB997E028E9BC0600ED41ED /* Location.swift in Sources */,
				FE27913529017A7B00C8BE5C /* ShadowView.swift in Sources */,
				FEBC4A3F292AC01E003694A8 /* ScoreCell.swift in Sources */,
				FE3B918328E84F9C0089DB36 /* AppDelegate.swift in Sources */,
				FE3B918528E84F9C0089DB36 /* SceneDelegate.swift in Sources */,
				FEBC4A3C292ABFCD003694A8 /* ScoreTableViewController + TableView.swift in Sources */,
				FEBC4A39292ABAC4003694A8 /* ScoreTableViewController.swift in Sources */,
				FE861CD82929675300EDB348 /* SettingsViewController.swift in Sources */,
				FEF4446529015E1D007789E4 /* CustomClasses.swift in Sources */,
				FEA58B9A2923DF7B000C37CD /* ScoreModel.swift in Sources */,
				FE2D9E35292FBA5200455818 /* SettingsViewController + MailCompose.swift in Sources */,
				FE4AC7FD290A8B7E00774FF1 /* UIViewController + Alert.swift in Sources */,
				FE835E5029166C7500508B3B /* Storage.swift in Sources */,
			);
			runOnlyForDeploymentPostprocessing = 0;
		};
/* End PBXSourcesBuildPhase section */

/* Begin PBXVariantGroup section */
		FE3B918828E84F9C0089DB36 /* Main.storyboard */ = {
			isa = PBXVariantGroup;
			children = (
				FE3B918928E84F9C0089DB36 /* Base */,
			);
			name = Main.storyboard;
			sourceTree = "<group>";
		};
		FE3B918D28E84F9D0089DB36 /* LaunchScreen.storyboard */ = {
			isa = PBXVariantGroup;
			children = (
				FE3B918E28E84F9D0089DB36 /* Base */,
			);
			name = LaunchScreen.storyboard;
			sourceTree = "<group>";
		};
/* End PBXVariantGroup section */

/* Begin XCBuildConfiguration section */
		FE3B919128E84F9D0089DB36 /* Debug */ = {
			isa = XCBuildConfiguration;
			buildSettings = {
				ALWAYS_SEARCH_USER_PATHS = NO;
				CLANG_ANALYZER_NONNULL = YES;
				CLANG_ANALYZER_NUMBER_OBJECT_CONVERSION = YES_AGGRESSIVE;
				CLANG_CXX_LANGUAGE_STANDARD = "gnu++20";
				CLANG_ENABLE_MODULES = YES;
				CLANG_ENABLE_OBJC_ARC = YES;
				CLANG_ENABLE_OBJC_WEAK = YES;
				CLANG_WARN_BLOCK_CAPTURE_AUTORELEASING = YES;
				CLANG_WARN_BOOL_CONVERSION = YES;
				CLANG_WARN_COMMA = YES;
				CLANG_WARN_CONSTANT_CONVERSION = YES;
				CLANG_WARN_DEPRECATED_OBJC_IMPLEMENTATIONS = YES;
				CLANG_WARN_DIRECT_OBJC_ISA_USAGE = YES_ERROR;
				CLANG_WARN_DOCUMENTATION_COMMENTS = YES;
				CLANG_WARN_EMPTY_BODY = YES;
				CLANG_WARN_ENUM_CONVERSION = YES;
				CLANG_WARN_INFINITE_RECURSION = YES;
				CLANG_WARN_INT_CONVERSION = YES;
				CLANG_WARN_NON_LITERAL_NULL_CONVERSION = YES;
				CLANG_WARN_OBJC_IMPLICIT_RETAIN_SELF = YES;
				CLANG_WARN_OBJC_LITERAL_CONVERSION = YES;
				CLANG_WARN_OBJC_ROOT_CLASS = YES_ERROR;
				CLANG_WARN_QUOTED_INCLUDE_IN_FRAMEWORK_HEADER = YES;
				CLANG_WARN_RANGE_LOOP_ANALYSIS = YES;
				CLANG_WARN_STRICT_PROTOTYPES = YES;
				CLANG_WARN_SUSPICIOUS_MOVE = YES;
				CLANG_WARN_UNGUARDED_AVAILABILITY = YES_AGGRESSIVE;
				CLANG_WARN_UNREACHABLE_CODE = YES;
				CLANG_WARN__DUPLICATE_METHOD_MATCH = YES;
				COPY_PHASE_STRIP = NO;
				DEBUG_INFORMATION_FORMAT = dwarf;
				ENABLE_STRICT_OBJC_MSGSEND = YES;
				ENABLE_TESTABILITY = YES;
				GCC_C_LANGUAGE_STANDARD = gnu11;
				GCC_DYNAMIC_NO_PIC = NO;
				GCC_NO_COMMON_BLOCKS = YES;
				GCC_OPTIMIZATION_LEVEL = 0;
				GCC_PREPROCESSOR_DEFINITIONS = (
					"DEBUG=1",
					"$(inherited)",
				);
				GCC_WARN_64_TO_32_BIT_CONVERSION = YES;
				GCC_WARN_ABOUT_RETURN_TYPE = YES_ERROR;
				GCC_WARN_UNDECLARED_SELECTOR = YES;
				GCC_WARN_UNINITIALIZED_AUTOS = YES_AGGRESSIVE;
				GCC_WARN_UNUSED_FUNCTION = YES;
				GCC_WARN_UNUSED_VARIABLE = YES;
				IPHONEOS_DEPLOYMENT_TARGET = 15.6;
				MTL_ENABLE_DEBUG_INFO = INCLUDE_SOURCE;
				MTL_FAST_MATH = YES;
				ONLY_ACTIVE_ARCH = YES;
				SDKROOT = iphoneos;
				SWIFT_ACTIVE_COMPILATION_CONDITIONS = DEBUG;
				SWIFT_OPTIMIZATION_LEVEL = "-Onone";
			};
			name = Debug;
		};
		FE3B919228E84F9D0089DB36 /* Release */ = {
			isa = XCBuildConfiguration;
			buildSettings = {
				ALWAYS_SEARCH_USER_PATHS = NO;
				CLANG_ANALYZER_NONNULL = YES;
				CLANG_ANALYZER_NUMBER_OBJECT_CONVERSION = YES_AGGRESSIVE;
				CLANG_CXX_LANGUAGE_STANDARD = "gnu++20";
				CLANG_ENABLE_MODULES = YES;
				CLANG_ENABLE_OBJC_ARC = YES;
				CLANG_ENABLE_OBJC_WEAK = YES;
				CLANG_WARN_BLOCK_CAPTURE_AUTORELEASING = YES;
				CLANG_WARN_BOOL_CONVERSION = YES;
				CLANG_WARN_COMMA = YES;
				CLANG_WARN_CONSTANT_CONVERSION = YES;
				CLANG_WARN_DEPRECATED_OBJC_IMPLEMENTATIONS = YES;
				CLANG_WARN_DIRECT_OBJC_ISA_USAGE = YES_ERROR;
				CLANG_WARN_DOCUMENTATION_COMMENTS = YES;
				CLANG_WARN_EMPTY_BODY = YES;
				CLANG_WARN_ENUM_CONVERSION = YES;
				CLANG_WARN_INFINITE_RECURSION = YES;
				CLANG_WARN_INT_CONVERSION = YES;
				CLANG_WARN_NON_LITERAL_NULL_CONVERSION = YES;
				CLANG_WARN_OBJC_IMPLICIT_RETAIN_SELF = YES;
				CLANG_WARN_OBJC_LITERAL_CONVERSION = YES;
				CLANG_WARN_OBJC_ROOT_CLASS = YES_ERROR;
				CLANG_WARN_QUOTED_INCLUDE_IN_FRAMEWORK_HEADER = YES;
				CLANG_WARN_RANGE_LOOP_ANALYSIS = YES;
				CLANG_WARN_STRICT_PROTOTYPES = YES;
				CLANG_WARN_SUSPICIOUS_MOVE = YES;
				CLANG_WARN_UNGUARDED_AVAILABILITY = YES_AGGRESSIVE;
				CLANG_WARN_UNREACHABLE_CODE = YES;
				CLANG_WARN__DUPLICATE_METHOD_MATCH = YES;
				COPY_PHASE_STRIP = NO;
				DEBUG_INFORMATION_FORMAT = "dwarf-with-dsym";
				ENABLE_NS_ASSERTIONS = NO;
				ENABLE_STRICT_OBJC_MSGSEND = YES;
				GCC_C_LANGUAGE_STANDARD = gnu11;
				GCC_NO_COMMON_BLOCKS = YES;
				GCC_WARN_64_TO_32_BIT_CONVERSION = YES;
				GCC_WARN_ABOUT_RETURN_TYPE = YES_ERROR;
				GCC_WARN_UNDECLARED_SELECTOR = YES;
				GCC_WARN_UNINITIALIZED_AUTOS = YES_AGGRESSIVE;
				GCC_WARN_UNUSED_FUNCTION = YES;
				GCC_WARN_UNUSED_VARIABLE = YES;
				IPHONEOS_DEPLOYMENT_TARGET = 15.6;
				MTL_ENABLE_DEBUG_INFO = NO;
				MTL_FAST_MATH = YES;
				SDKROOT = iphoneos;
				SWIFT_COMPILATION_MODE = wholemodule;
				SWIFT_OPTIMIZATION_LEVEL = "-O";
				VALIDATE_PRODUCT = YES;
			};
			name = Release;
		};
		FE3B919428E84F9D0089DB36 /* Debug */ = {
			isa = XCBuildConfiguration;
			buildSettings = {
				ASSETCATALOG_COMPILER_APPICON_NAME = AppIcon;
				ASSETCATALOG_COMPILER_GLOBAL_ACCENT_COLOR_NAME = AccentColor;
				CODE_SIGN_STYLE = Automatic;
				CURRENT_PROJECT_VERSION = 1;
				DEVELOPMENT_TEAM = 767DT3Q3RN;
				GENERATE_INFOPLIST_FILE = YES;
				INFOPLIST_FILE = myGame/Info.plist;
				INFOPLIST_KEY_UIApplicationSupportsIndirectInputEvents = YES;
				INFOPLIST_KEY_UILaunchStoryboardName = LaunchScreen;
				INFOPLIST_KEY_UIMainStoryboardFile = Main;
				INFOPLIST_KEY_UISupportedInterfaceOrientations_iPad = "UIInterfaceOrientationPortrait UIInterfaceOrientationPortraitUpsideDown UIInterfaceOrientationLandscapeLeft UIInterfaceOrientationLandscapeRight";
				INFOPLIST_KEY_UISupportedInterfaceOrientations_iPhone = "UIInterfaceOrientationPortrait UIInterfaceOrientationLandscapeLeft UIInterfaceOrientationLandscapeRight";
				LD_RUNPATH_SEARCH_PATHS = (
					"$(inherited)",
					"@executable_path/Frameworks",
				);
				MARKETING_VERSION = 1.0;
				PRODUCT_BUNDLE_IDENTIFIER = com.postnikova.myGame;
				PRODUCT_NAME = NFSMostWanted;
				SWIFT_EMIT_LOC_STRINGS = YES;
				SWIFT_VERSION = 5.0;
				TARGETED_DEVICE_FAMILY = "1,2";
			};
			name = Debug;
		};
		FE3B919528E84F9D0089DB36 /* Release */ = {
			isa = XCBuildConfiguration;
			buildSettings = {
				ASSETCATALOG_COMPILER_APPICON_NAME = AppIcon;
				ASSETCATALOG_COMPILER_GLOBAL_ACCENT_COLOR_NAME = AccentColor;
				CODE_SIGN_STYLE = Automatic;
				CURRENT_PROJECT_VERSION = 1;
				DEVELOPMENT_TEAM = 767DT3Q3RN;
				GENERATE_INFOPLIST_FILE = YES;
				INFOPLIST_FILE = myGame/Info.plist;
				INFOPLIST_KEY_UIApplicationSupportsIndirectInputEvents = YES;
				INFOPLIST_KEY_UILaunchStoryboardName = LaunchScreen;
				INFOPLIST_KEY_UIMainStoryboardFile = Main;
				INFOPLIST_KEY_UISupportedInterfaceOrientations_iPad = "UIInterfaceOrientationPortrait UIInterfaceOrientationPortraitUpsideDown UIInterfaceOrientationLandscapeLeft UIInterfaceOrientationLandscapeRight";
				INFOPLIST_KEY_UISupportedInterfaceOrientations_iPhone = "UIInterfaceOrientationPortrait UIInterfaceOrientationLandscapeLeft UIInterfaceOrientationLandscapeRight";
				LD_RUNPATH_SEARCH_PATHS = (
					"$(inherited)",
					"@executable_path/Frameworks",
				);
				MARKETING_VERSION = 1.0;
				PRODUCT_BUNDLE_IDENTIFIER = com.postnikova.myGame;
				PRODUCT_NAME = NFSMostWanted;
				SWIFT_EMIT_LOC_STRINGS = YES;
				SWIFT_VERSION = 5.0;
				TARGETED_DEVICE_FAMILY = "1,2";
			};
			name = Release;
		};
/* End XCBuildConfiguration section */

/* Begin XCConfigurationList section */
		FE3B917A28E84F9C0089DB36 /* Build configuration list for PBXProject "myGame" */ = {
			isa = XCConfigurationList;
			buildConfigurations = (
				FE3B919128E84F9D0089DB36 /* Debug */,
				FE3B919228E84F9D0089DB36 /* Release */,
			);
			defaultConfigurationIsVisible = 0;
			defaultConfigurationName = Release;
		};
		FE3B919328E84F9D0089DB36 /* Build configuration list for PBXNativeTarget "myGame" */ = {
			isa = XCConfigurationList;
			buildConfigurations = (
				FE3B919428E84F9D0089DB36 /* Debug */,
				FE3B919528E84F9D0089DB36 /* Release */,
			);
			defaultConfigurationIsVisible = 0;
			defaultConfigurationName = Release;
		};
/* End XCConfigurationList section */
	};
	rootObject = FE3B917728E84F9C0089DB36 /* Project object */;
}
